
Microsoft Visual Studio Solution File, Format Version 12.00
# Visual Studio Version 16
VisualStudioVersion = 16.0.31313.79
MinimumVisualStudioVersion = 10.0.40219.1
Project("{2150E333-8FDC-42A3-9474-1A3956D46DE8}") = "CreationalPatterns", "CreationalPatterns", "{585B85F8-9810-439B-83CB-0B7CA15BFC61}"
EndProject
Project("{FAE04EC0-301F-11D3-BF4B-00C04F79EFBC}") = "AbstractFactory", "AbstractFactory.cs\AbstractFactory.csproj", "{B0CBFDD3-7623-44E5-A27F-E7A75AC01349}"
EndProject
Global
	GlobalSection(SolutionConfigurationPlatforms) = preSolution
		Debug|Any CPU = Debug|Any CPU
		Release|Any CPU = Release|Any CPU
	EndGlobalSection
	GlobalSection(ProjectConfigurationPlatforms) = postSolution
		{B0CBFDD3-7623-44E5-A27F-E7A75AC01349}.Debug|Any CPU.ActiveCfg = Debug|Any CPU
		{B0CBFDD3-7623-44E5-A27F-E7A75AC01349}.Debug|Any CPU.Build.0 = Debug|Any CPU
		{B0CBFDD3-7623-44E5-A27F-E7A75AC01349}.Release|Any CPU.ActiveCfg = Release|Any CPU
		{B0CBFDD3-7623-44E5-A27F-E7A75AC01349}.Release|Any CPU.Build.0 = Release|Any CPU
	EndGlobalSection
	GlobalSection(SolutionProperties) = preSolution
		HideSolutionNode = FALSE
	EndGlobalSection
	GlobalSection(NestedProjects) = preSolution
		{B0CBFDD3-7623-44E5-A27F-E7A75AC01349} = {585B85F8-9810-439B-83CB-0B7CA15BFC61}
	EndGlobalSection
	GlobalSection(ExtensibilityGlobals) = postSolution
		SolutionGuid = {88C29FDE-E0E7-44B0-9ECF-B7DBC4B5B86D}
	EndGlobalSection
EndGlobal
