
Microsoft Visual Studio Solution File, Format Version 12.00
# Visual Studio Version 16
VisualStudioVersion = 16.0.31313.79
MinimumVisualStudioVersion = 10.0.40219.1
Project("{2150E333-8FDC-42A3-9474-1A3956D46DE8}") = "CreationalPatterns", "CreationalPatterns", "{38E2B7A0-4EDE-488D-AC1E-F83AD38EF11C}"
EndProject
Project("{9A19103F-16F7-4668-BE54-9A1E7A4F7556}") = "FactoryMethod", "CreationalPatterns\FactoryMethod\FactoryMethod.csproj", "{03A9F48A-7B5F-4500-865D-19DFCC48C652}"
EndProject
Project("{9A19103F-16F7-4668-BE54-9A1E7A4F7556}") = "AbstractFactory", "CreationalPatterns\AbstractFactory\AbstractFactory.csproj", "{3883843E-2EC6-4FDF-8C10-61C1B13506BF}"
EndProject
Project("{9A19103F-16F7-4668-BE54-9A1E7A4F7556}") = "Builder", "CreationalPatterns\Builder\Builder.csproj", "{8A214373-BE63-42A6-BC59-4CE938F81DE0}"
EndProject
Project("{9A19103F-16F7-4668-BE54-9A1E7A4F7556}") = "Prototype", "CreationalPatterns\Prototype\Prototype.csproj", "{CE04C0E1-7D60-40E7-8765-EA54A314EFE1}"
EndProject
Project("{9A19103F-16F7-4668-BE54-9A1E7A4F7556}") = "Singleton", "CreationalPatterns\Singleton\Singleton.csproj", "{0102C35F-85EE-4566-8534-28600C65E964}"
EndProject
Project("{2150E333-8FDC-42A3-9474-1A3956D46DE8}") = "StructuralPatterns", "StructuralPatterns", "{D826B5E7-C944-46A3-90B3-AE72FCBCC317}"
EndProject
Project("{9A19103F-16F7-4668-BE54-9A1E7A4F7556}") = "Adapter", "StructuralPatterns\Adapter\Adapter.csproj", "{F7F9AADB-7F44-4729-8BE0-FBDC9921B5A5}"
EndProject
Project("{9A19103F-16F7-4668-BE54-9A1E7A4F7556}") = "Bridge", "StructuralPatterns\Bridge\Bridge.csproj", "{A2D22D2E-2937-4C91-8313-90ED6D871A39}"
EndProject
Project("{9A19103F-16F7-4668-BE54-9A1E7A4F7556}") = "Composite", "StructuralPatterns\Composite\Composite.csproj", "{A9713681-61F4-45D4-B99C-62CA93EAEABC}"
EndProject
Project("{9A19103F-16F7-4668-BE54-9A1E7A4F7556}") = "Decorator", "StructuralPatterns\Decorator\Decorator.csproj", "{DBC52D6C-FFF2-4C3C-B7E5-ADDB45F63350}"
EndProject
Project("{9A19103F-16F7-4668-BE54-9A1E7A4F7556}") = "Facade", "StructuralPatterns\Facade\Facade.csproj", "{4F82F6E8-5398-4228-8BAF-D2039AD2148D}"
EndProject
Project("{9A19103F-16F7-4668-BE54-9A1E7A4F7556}") = "Flyweight", "StructuralPatterns\Flyweight\Flyweight.csproj", "{AACCA48B-28FC-4BE1-84B1-EA883633E77A}"
EndProject
Project("{9A19103F-16F7-4668-BE54-9A1E7A4F7556}") = "Proxy", "StructuralPatterns\Proxy\Proxy.csproj", "{B36EEF31-2810-47AE-BFE6-62A268046D62}"
EndProject
Project("{2150E333-8FDC-42A3-9474-1A3956D46DE8}") = "BehavioralPatterns", "BehavioralPatterns", "{3EFD0382-5C12-471F-9320-79C9B4775CA7}"
EndProject
Project("{FAE04EC0-301F-11D3-BF4B-00C04F79EFBC}") = "ChainofResponsibility", "BehavioralPatterns\ChainofResponsibility\ChainofResponsibility.csproj", "{BE929598-6426-4FE8-A4EB-F2C5176DA385}"
EndProject
Project("{FAE04EC0-301F-11D3-BF4B-00C04F79EFBC}") = "Command", "BehavioralPatterns\Command\Command.csproj", "{8B5F3234-D80A-4A0C-9284-032C02592884}"
EndProject
Project("{2150E333-8FDC-42A3-9474-1A3956D46DE8}") = "Images", "Images", "{A8295E74-A6DE-44B2-901D-84DE4BC089E8}"
	ProjectSection(SolutionItems) = preProject
		BehavioralPatterns\Images\ChainofResponsibility.JPG = BehavioralPatterns\Images\ChainofResponsibility.JPG
		BehavioralPatterns\Images\Command.JPG = BehavioralPatterns\Images\Command.JPG
		BehavioralPatterns\Images\Iterator.JPG = BehavioralPatterns\Images\Iterator.JPG
		BehavioralPatterns\Images\Mediator.JPG = BehavioralPatterns\Images\Mediator.JPG
		BehavioralPatterns\Images\Memento.JPG = BehavioralPatterns\Images\Memento.JPG
		BehavioralPatterns\Images\Observer.JPG = BehavioralPatterns\Images\Observer.JPG
		BehavioralPatterns\Images\State.JPG = BehavioralPatterns\Images\State.JPG
		BehavioralPatterns\Images\Strategy.JPG = BehavioralPatterns\Images\Strategy.JPG
		BehavioralPatterns\Images\TemplateMethod.JPG = BehavioralPatterns\Images\TemplateMethod.JPG
		BehavioralPatterns\Images\Visitor.JPG = BehavioralPatterns\Images\Visitor.JPG
	EndProjectSection
EndProject
Project("{2150E333-8FDC-42A3-9474-1A3956D46DE8}") = "Images", "Images", "{17EE9579-8ADE-4705-A532-C5D059FF8D2C}"
	ProjectSection(SolutionItems) = preProject
		CreationalPatterns\Images\AbstractFactory.JPG = CreationalPatterns\Images\AbstractFactory.JPG
		CreationalPatterns\Images\Builder.JPG = CreationalPatterns\Images\Builder.JPG
		CreationalPatterns\Images\FactoryMethod.JPG = CreationalPatterns\Images\FactoryMethod.JPG
		CreationalPatterns\Images\PrototypeBasic.JPG = CreationalPatterns\Images\PrototypeBasic.JPG
		CreationalPatterns\Images\RegistryImplementation.JPG = CreationalPatterns\Images\RegistryImplementation.JPG
		CreationalPatterns\Images\Singleton.JPG = CreationalPatterns\Images\Singleton.JPG
	EndProjectSection
EndProject
Project("{2150E333-8FDC-42A3-9474-1A3956D46DE8}") = "Images", "Images", "{063E3830-6713-43EC-8E09-2800EA233A24}"
	ProjectSection(SolutionItems) = preProject
		StructuralPatterns\Images\Adapter.JPG = StructuralPatterns\Images\Adapter.JPG
		StructuralPatterns\Images\Bridge.JPG = StructuralPatterns\Images\Bridge.JPG
		StructuralPatterns\Images\Composite.JPG = StructuralPatterns\Images\Composite.JPG
		StructuralPatterns\Images\Decorator.JPG = StructuralPatterns\Images\Decorator.JPG
		StructuralPatterns\Images\Facade.JPG = StructuralPatterns\Images\Facade.JPG
		StructuralPatterns\Images\Flyweight.JPG = StructuralPatterns\Images\Flyweight.JPG
		StructuralPatterns\Images\Proxy.JPG = StructuralPatterns\Images\Proxy.JPG
	EndProjectSection
EndProject
Project("{FAE04EC0-301F-11D3-BF4B-00C04F79EFBC}") = "Iterator", "BehavioralPatterns\Iterator\Iterator.csproj", "{DC0D16CF-3138-4156-A08A-518D421762FD}"
EndProject
Global
	GlobalSection(SolutionConfigurationPlatforms) = preSolution
		Debug|Any CPU = Debug|Any CPU
		Release|Any CPU = Release|Any CPU
	EndGlobalSection
	GlobalSection(ProjectConfigurationPlatforms) = postSolution
		{03A9F48A-7B5F-4500-865D-19DFCC48C652}.Debug|Any CPU.ActiveCfg = Debug|Any CPU
		{03A9F48A-7B5F-4500-865D-19DFCC48C652}.Debug|Any CPU.Build.0 = Debug|Any CPU
		{03A9F48A-7B5F-4500-865D-19DFCC48C652}.Release|Any CPU.ActiveCfg = Release|Any CPU
		{03A9F48A-7B5F-4500-865D-19DFCC48C652}.Release|Any CPU.Build.0 = Release|Any CPU
		{3883843E-2EC6-4FDF-8C10-61C1B13506BF}.Debug|Any CPU.ActiveCfg = Debug|Any CPU
		{3883843E-2EC6-4FDF-8C10-61C1B13506BF}.Debug|Any CPU.Build.0 = Debug|Any CPU
		{3883843E-2EC6-4FDF-8C10-61C1B13506BF}.Release|Any CPU.ActiveCfg = Release|Any CPU
		{3883843E-2EC6-4FDF-8C10-61C1B13506BF}.Release|Any CPU.Build.0 = Release|Any CPU
		{8A214373-BE63-42A6-BC59-4CE938F81DE0}.Debug|Any CPU.ActiveCfg = Debug|Any CPU
		{8A214373-BE63-42A6-BC59-4CE938F81DE0}.Debug|Any CPU.Build.0 = Debug|Any CPU
		{8A214373-BE63-42A6-BC59-4CE938F81DE0}.Release|Any CPU.ActiveCfg = Release|Any CPU
		{8A214373-BE63-42A6-BC59-4CE938F81DE0}.Release|Any CPU.Build.0 = Release|Any CPU
		{CE04C0E1-7D60-40E7-8765-EA54A314EFE1}.Debug|Any CPU.ActiveCfg = Debug|Any CPU
		{CE04C0E1-7D60-40E7-8765-EA54A314EFE1}.Debug|Any CPU.Build.0 = Debug|Any CPU
		{CE04C0E1-7D60-40E7-8765-EA54A314EFE1}.Release|Any CPU.ActiveCfg = Release|Any CPU
		{CE04C0E1-7D60-40E7-8765-EA54A314EFE1}.Release|Any CPU.Build.0 = Release|Any CPU
		{0102C35F-85EE-4566-8534-28600C65E964}.Debug|Any CPU.ActiveCfg = Debug|Any CPU
		{0102C35F-85EE-4566-8534-28600C65E964}.Debug|Any CPU.Build.0 = Debug|Any CPU
		{0102C35F-85EE-4566-8534-28600C65E964}.Release|Any CPU.ActiveCfg = Release|Any CPU
		{0102C35F-85EE-4566-8534-28600C65E964}.Release|Any CPU.Build.0 = Release|Any CPU
		{F7F9AADB-7F44-4729-8BE0-FBDC9921B5A5}.Debug|Any CPU.ActiveCfg = Debug|Any CPU
		{F7F9AADB-7F44-4729-8BE0-FBDC9921B5A5}.Debug|Any CPU.Build.0 = Debug|Any CPU
		{F7F9AADB-7F44-4729-8BE0-FBDC9921B5A5}.Release|Any CPU.ActiveCfg = Release|Any CPU
		{F7F9AADB-7F44-4729-8BE0-FBDC9921B5A5}.Release|Any CPU.Build.0 = Release|Any CPU
		{A2D22D2E-2937-4C91-8313-90ED6D871A39}.Debug|Any CPU.ActiveCfg = Debug|Any CPU
		{A2D22D2E-2937-4C91-8313-90ED6D871A39}.Debug|Any CPU.Build.0 = Debug|Any CPU
		{A2D22D2E-2937-4C91-8313-90ED6D871A39}.Release|Any CPU.ActiveCfg = Release|Any CPU
		{A2D22D2E-2937-4C91-8313-90ED6D871A39}.Release|Any CPU.Build.0 = Release|Any CPU
		{A9713681-61F4-45D4-B99C-62CA93EAEABC}.Debug|Any CPU.ActiveCfg = Debug|Any CPU
		{A9713681-61F4-45D4-B99C-62CA93EAEABC}.Debug|Any CPU.Build.0 = Debug|Any CPU
		{A9713681-61F4-45D4-B99C-62CA93EAEABC}.Release|Any CPU.ActiveCfg = Release|Any CPU
		{A9713681-61F4-45D4-B99C-62CA93EAEABC}.Release|Any CPU.Build.0 = Release|Any CPU
		{DBC52D6C-FFF2-4C3C-B7E5-ADDB45F63350}.Debug|Any CPU.ActiveCfg = Debug|Any CPU
		{DBC52D6C-FFF2-4C3C-B7E5-ADDB45F63350}.Debug|Any CPU.Build.0 = Debug|Any CPU
		{DBC52D6C-FFF2-4C3C-B7E5-ADDB45F63350}.Release|Any CPU.ActiveCfg = Release|Any CPU
		{DBC52D6C-FFF2-4C3C-B7E5-ADDB45F63350}.Release|Any CPU.Build.0 = Release|Any CPU
		{4F82F6E8-5398-4228-8BAF-D2039AD2148D}.Debug|Any CPU.ActiveCfg = Debug|Any CPU
		{4F82F6E8-5398-4228-8BAF-D2039AD2148D}.Debug|Any CPU.Build.0 = Debug|Any CPU
		{4F82F6E8-5398-4228-8BAF-D2039AD2148D}.Release|Any CPU.ActiveCfg = Release|Any CPU
		{4F82F6E8-5398-4228-8BAF-D2039AD2148D}.Release|Any CPU.Build.0 = Release|Any CPU
		{AACCA48B-28FC-4BE1-84B1-EA883633E77A}.Debug|Any CPU.ActiveCfg = Debug|Any CPU
		{AACCA48B-28FC-4BE1-84B1-EA883633E77A}.Debug|Any CPU.Build.0 = Debug|Any CPU
		{AACCA48B-28FC-4BE1-84B1-EA883633E77A}.Release|Any CPU.ActiveCfg = Release|Any CPU
		{AACCA48B-28FC-4BE1-84B1-EA883633E77A}.Release|Any CPU.Build.0 = Release|Any CPU
		{B36EEF31-2810-47AE-BFE6-62A268046D62}.Debug|Any CPU.ActiveCfg = Debug|Any CPU
		{B36EEF31-2810-47AE-BFE6-62A268046D62}.Debug|Any CPU.Build.0 = Debug|Any CPU
		{B36EEF31-2810-47AE-BFE6-62A268046D62}.Release|Any CPU.ActiveCfg = Release|Any CPU
		{B36EEF31-2810-47AE-BFE6-62A268046D62}.Release|Any CPU.Build.0 = Release|Any CPU
		{BE929598-6426-4FE8-A4EB-F2C5176DA385}.Debug|Any CPU.ActiveCfg = Debug|Any CPU
		{BE929598-6426-4FE8-A4EB-F2C5176DA385}.Debug|Any CPU.Build.0 = Debug|Any CPU
		{BE929598-6426-4FE8-A4EB-F2C5176DA385}.Release|Any CPU.ActiveCfg = Release|Any CPU
		{BE929598-6426-4FE8-A4EB-F2C5176DA385}.Release|Any CPU.Build.0 = Release|Any CPU
		{8B5F3234-D80A-4A0C-9284-032C02592884}.Debug|Any CPU.ActiveCfg = Debug|Any CPU
		{8B5F3234-D80A-4A0C-9284-032C02592884}.Debug|Any CPU.Build.0 = Debug|Any CPU
		{8B5F3234-D80A-4A0C-9284-032C02592884}.Release|Any CPU.ActiveCfg = Release|Any CPU
		{8B5F3234-D80A-4A0C-9284-032C02592884}.Release|Any CPU.Build.0 = Release|Any CPU
		{DC0D16CF-3138-4156-A08A-518D421762FD}.Debug|Any CPU.ActiveCfg = Debug|Any CPU
		{DC0D16CF-3138-4156-A08A-518D421762FD}.Debug|Any CPU.Build.0 = Debug|Any CPU
		{DC0D16CF-3138-4156-A08A-518D421762FD}.Release|Any CPU.ActiveCfg = Release|Any CPU
		{DC0D16CF-3138-4156-A08A-518D421762FD}.Release|Any CPU.Build.0 = Release|Any CPU
	EndGlobalSection
	GlobalSection(SolutionProperties) = preSolution
		HideSolutionNode = FALSE
	EndGlobalSection
	GlobalSection(NestedProjects) = preSolution
		{03A9F48A-7B5F-4500-865D-19DFCC48C652} = {38E2B7A0-4EDE-488D-AC1E-F83AD38EF11C}
		{3883843E-2EC6-4FDF-8C10-61C1B13506BF} = {38E2B7A0-4EDE-488D-AC1E-F83AD38EF11C}
		{8A214373-BE63-42A6-BC59-4CE938F81DE0} = {38E2B7A0-4EDE-488D-AC1E-F83AD38EF11C}
		{CE04C0E1-7D60-40E7-8765-EA54A314EFE1} = {38E2B7A0-4EDE-488D-AC1E-F83AD38EF11C}
		{0102C35F-85EE-4566-8534-28600C65E964} = {38E2B7A0-4EDE-488D-AC1E-F83AD38EF11C}
		{F7F9AADB-7F44-4729-8BE0-FBDC9921B5A5} = {D826B5E7-C944-46A3-90B3-AE72FCBCC317}
		{A2D22D2E-2937-4C91-8313-90ED6D871A39} = {D826B5E7-C944-46A3-90B3-AE72FCBCC317}
		{A9713681-61F4-45D4-B99C-62CA93EAEABC} = {D826B5E7-C944-46A3-90B3-AE72FCBCC317}
		{DBC52D6C-FFF2-4C3C-B7E5-ADDB45F63350} = {D826B5E7-C944-46A3-90B3-AE72FCBCC317}
		{4F82F6E8-5398-4228-8BAF-D2039AD2148D} = {D826B5E7-C944-46A3-90B3-AE72FCBCC317}
		{AACCA48B-28FC-4BE1-84B1-EA883633E77A} = {D826B5E7-C944-46A3-90B3-AE72FCBCC317}
		{B36EEF31-2810-47AE-BFE6-62A268046D62} = {D826B5E7-C944-46A3-90B3-AE72FCBCC317}
		{BE929598-6426-4FE8-A4EB-F2C5176DA385} = {3EFD0382-5C12-471F-9320-79C9B4775CA7}
		{8B5F3234-D80A-4A0C-9284-032C02592884} = {3EFD0382-5C12-471F-9320-79C9B4775CA7}
		{A8295E74-A6DE-44B2-901D-84DE4BC089E8} = {3EFD0382-5C12-471F-9320-79C9B4775CA7}
		{17EE9579-8ADE-4705-A532-C5D059FF8D2C} = {38E2B7A0-4EDE-488D-AC1E-F83AD38EF11C}
		{063E3830-6713-43EC-8E09-2800EA233A24} = {D826B5E7-C944-46A3-90B3-AE72FCBCC317}
		{DC0D16CF-3138-4156-A08A-518D421762FD} = {3EFD0382-5C12-471F-9320-79C9B4775CA7}
	EndGlobalSection
	GlobalSection(ExtensibilityGlobals) = postSolution
		SolutionGuid = {5EDBD169-2CAC-4A10-86B3-06A9902C3BCB}
	EndGlobalSection
EndGlobal
