
Microsoft Visual Studio Solution File, Format Version 12.00
# Visual Studio Version 16
VisualStudioVersion = 16.0.31313.79
MinimumVisualStudioVersion = 10.0.40219.1
Project("{2150E333-8FDC-42A3-9474-1A3956D46DE8}") = "CreationalPatterns", "CreationalPatterns", "{38E2B7A0-4EDE-488D-AC1E-F83AD38EF11C}"
EndProject
Project("{9A19103F-16F7-4668-BE54-9A1E7A4F7556}") = "FactoryMethod", "CreationalPatterns\FactoryMethod\FactoryMethod.csproj", "{03A9F48A-7B5F-4500-865D-19DFCC48C652}"
EndProject
Project("{9A19103F-16F7-4668-BE54-9A1E7A4F7556}") = "AbstractFactory", "CreationalPatterns\AbstractFactory\AbstractFactory.csproj", "{3883843E-2EC6-4FDF-8C10-61C1B13506BF}"
EndProject
Project("{9A19103F-16F7-4668-BE54-9A1E7A4F7556}") = "Builder", "CreationalPatterns\Builder\Builder.csproj", "{8A214373-BE63-42A6-BC59-4CE938F81DE0}"
EndProject
Project("{FAE04EC0-301F-11D3-BF4B-00C04F79EFBC}") = "Prototype", "CreationalPatterns\Prototype\Prototype.csproj", "{CE04C0E1-7D60-40E7-8765-EA54A314EFE1}"
EndProject
Project("{FAE04EC0-301F-11D3-BF4B-00C04F79EFBC}") = "Singleton", "CreationalPatterns\Singleton\Singleton.csproj", "{0102C35F-85EE-4566-8534-28600C65E964}"
EndProject
Global
	GlobalSection(SolutionConfigurationPlatforms) = preSolution
		Debug|Any CPU = Debug|Any CPU
		Release|Any CPU = Release|Any CPU
	EndGlobalSection
	GlobalSection(ProjectConfigurationPlatforms) = postSolution
		{03A9F48A-7B5F-4500-865D-19DFCC48C652}.Debug|Any CPU.ActiveCfg = Debug|Any CPU
		{03A9F48A-7B5F-4500-865D-19DFCC48C652}.Debug|Any CPU.Build.0 = Debug|Any CPU
		{03A9F48A-7B5F-4500-865D-19DFCC48C652}.Release|Any CPU.ActiveCfg = Release|Any CPU
		{03A9F48A-7B5F-4500-865D-19DFCC48C652}.Release|Any CPU.Build.0 = Release|Any CPU
		{3883843E-2EC6-4FDF-8C10-61C1B13506BF}.Debug|Any CPU.ActiveCfg = Debug|Any CPU
		{3883843E-2EC6-4FDF-8C10-61C1B13506BF}.Debug|Any CPU.Build.0 = Debug|Any CPU
		{3883843E-2EC6-4FDF-8C10-61C1B13506BF}.Release|Any CPU.ActiveCfg = Release|Any CPU
		{3883843E-2EC6-4FDF-8C10-61C1B13506BF}.Release|Any CPU.Build.0 = Release|Any CPU
		{8A214373-BE63-42A6-BC59-4CE938F81DE0}.Debug|Any CPU.ActiveCfg = Debug|Any CPU
		{8A214373-BE63-42A6-BC59-4CE938F81DE0}.Debug|Any CPU.Build.0 = Debug|Any CPU
		{8A214373-BE63-42A6-BC59-4CE938F81DE0}.Release|Any CPU.ActiveCfg = Release|Any CPU
		{8A214373-BE63-42A6-BC59-4CE938F81DE0}.Release|Any CPU.Build.0 = Release|Any CPU
		{CE04C0E1-7D60-40E7-8765-EA54A314EFE1}.Debug|Any CPU.ActiveCfg = Debug|Any CPU
		{CE04C0E1-7D60-40E7-8765-EA54A314EFE1}.Debug|Any CPU.Build.0 = Debug|Any CPU
		{CE04C0E1-7D60-40E7-8765-EA54A314EFE1}.Release|Any CPU.ActiveCfg = Release|Any CPU
		{CE04C0E1-7D60-40E7-8765-EA54A314EFE1}.Release|Any CPU.Build.0 = Release|Any CPU
		{0102C35F-85EE-4566-8534-28600C65E964}.Debug|Any CPU.ActiveCfg = Debug|Any CPU
		{0102C35F-85EE-4566-8534-28600C65E964}.Debug|Any CPU.Build.0 = Debug|Any CPU
		{0102C35F-85EE-4566-8534-28600C65E964}.Release|Any CPU.ActiveCfg = Release|Any CPU
		{0102C35F-85EE-4566-8534-28600C65E964}.Release|Any CPU.Build.0 = Release|Any CPU
	EndGlobalSection
	GlobalSection(SolutionProperties) = preSolution
		HideSolutionNode = FALSE
	EndGlobalSection
	GlobalSection(NestedProjects) = preSolution
		{03A9F48A-7B5F-4500-865D-19DFCC48C652} = {38E2B7A0-4EDE-488D-AC1E-F83AD38EF11C}
		{3883843E-2EC6-4FDF-8C10-61C1B13506BF} = {38E2B7A0-4EDE-488D-AC1E-F83AD38EF11C}
		{8A214373-BE63-42A6-BC59-4CE938F81DE0} = {38E2B7A0-4EDE-488D-AC1E-F83AD38EF11C}
		{CE04C0E1-7D60-40E7-8765-EA54A314EFE1} = {38E2B7A0-4EDE-488D-AC1E-F83AD38EF11C}
		{0102C35F-85EE-4566-8534-28600C65E964} = {38E2B7A0-4EDE-488D-AC1E-F83AD38EF11C}
	EndGlobalSection
	GlobalSection(ExtensibilityGlobals) = postSolution
		SolutionGuid = {5EDBD169-2CAC-4A10-86B3-06A9902C3BCB}
	EndGlobalSection
EndGlobal
